schema: '2.0'
stages:
  preprocess:
    cmd: python src/data_preprocessing.py
    deps:
    - path: data/raw/data.csv
      hash: md5
      md5: f2906818eda8fcfc8f8416557ab1e6df
      size: 23873
    - path: src/data_preprocessing.py
      hash: md5
      md5: 208ad7aba89a4873bf24dd56aa3ec70f
      size: 1699
    params:
      params.yaml:
        preprocess.input: data/raw/data.csv
        preprocess.output: data/preprocessed/data.csv
    outs:
    - path: data/preprocessed/data.csv
      hash: md5
      md5: 482e635fe85f287a2eed8a107dc9e7a5
      size: 107354
    - path: transformers/scaler.pkl
      hash: md5
      md5: 7c039cf4399665f8eb7d0b1dcac61258
      size: 994
  train:
    cmd: python src/model_training.py
    deps:
    - path: data/preprocessed/data.csv
      hash: md5
      md5: 482e635fe85f287a2eed8a107dc9e7a5
      size: 107354
    - path: src/model_training.py
      hash: md5
      md5: 0e1494a2b8561558b5ea85d1ec1392d6
      size: 3522
    params:
      params.yaml:
        train.model: models/model.pkl
    outs:
    - path: models/model.pkl
      hash: md5
      md5: 2c6613d336da070d92b6602d17565756
      size: 1126862
  predict:
    cmd: python src/model_prediction.py
    deps:
    - path: data/raw/test_data.csv
      hash: md5
      md5: 15152f1a201ccbc6bd935c96503fdc7f
      size: 6483
    - path: models/model.pkl
      hash: md5
      md5: 2c6613d336da070d92b6602d17565756
      size: 1126862
    - path: src/model_prediction.py
      hash: md5
      md5: 1572c56976d4a48e73d3c3f7b1c451ad
      size: 1213
    - path: transformers/scaler.pkl
      hash: md5
      md5: 7c039cf4399665f8eb7d0b1dcac61258
      size: 994
    outs:
    - path: data/prediction/prediction.csv
      hash: md5
      md5: 146047ab00f7b4a937b3bb7c281d2f23
      size: 6949
